github.com/zbh255/bilog v0.2.5 h1:xqpBibp6ImWCMRD1CTiTrVQmHVuzOOcfwg/FjCADjfw=
github.com/zbh255/bilog v0.2.5/go.mod h1:+pxO/QrcJt6Z8sHU5FtuswYohdPgft0+ydS2lziHOp4=
golang.org/x/sys v0.0.0-20220408201424-a24fb2fb8a0f h1:8w7RhxzTVgUzw/AH/9mUV5q0vMgy40SQRursCcfmkCw=
golang.org/x/sys v0.0.0-20220408201424-a24fb2fb8a0f/go.mod h1:oPkhp1MJrh7nUepCBck5+mAzfO9JrbApNNgaTdGDITg=
